
Microsoft Visual Studio Solution File, Format Version 12.00
# Visual Studio Version 16
VisualStudioVersion = 16.0.809.3
MinimumVisualStudioVersion = 10.0.40219.1
Project("{FAE04EC0-301F-11D3-BF4B-00C04F79EFBC}") = "OperatorExercise", "OperatorExercise\OperatorExercise.csproj", "{45586D43-4FD8-4628-A69F-EE54A69EC4D6}"
EndProject
Global
	GlobalSection(SolutionConfigurationPlatforms) = preSolution
		Debug|Any CPU = Debug|Any CPU
		Release|Any CPU = Release|Any CPU
	EndGlobalSection
	GlobalSection(ProjectConfigurationPlatforms) = postSolution
		{45586D43-4FD8-4628-A69F-EE54A69EC4D6}.Debug|Any CPU.ActiveCfg = Debug|Any CPU
		{45586D43-4FD8-4628-A69F-EE54A69EC4D6}.Debug|Any CPU.Build.0 = Debug|Any CPU
		{45586D43-4FD8-4628-A69F-EE54A69EC4D6}.Release|Any CPU.ActiveCfg = Release|Any CPU
		{45586D43-4FD8-4628-A69F-EE54A69EC4D6}.Release|Any CPU.Build.0 = Release|Any CPU
	EndGlobalSection
	GlobalSection(SolutionProperties) = preSolution
		HideSolutionNode = FALSE
	EndGlobalSection
	GlobalSection(ExtensibilityGlobals) = postSolution
		SolutionGuid = {DC887012-3757-482D-900F-80E52A8EF66D}
	EndGlobalSection
EndGlobal
